// !$*UTF8*$!
{
	archiveVersion = 1;
	classes = {
	};
	objectVersion = 56;
	objects = {

/* Begin PBXBuildFile section */
		FA26D09B2A603E6A00C583AC /* PrimaryTextField.swift in Sources */ = {isa = PBXBuildFile; fileRef = FA26D09A2A603E6A00C583AC /* PrimaryTextField.swift */; };
		FA26D09F2A603F3700C583AC /* UIView+Extension.swift in Sources */ = {isa = PBXBuildFile; fileRef = FA26D09E2A603F3700C583AC /* UIView+Extension.swift */; };
		FA26D0A12A611F1300C583AC /* UIStackView+Extension.swift in Sources */ = {isa = PBXBuildFile; fileRef = FA26D0A02A611F1300C583AC /* UIStackView+Extension.swift */; };
		FA26D0A32A6122D200C583AC /* CurrencyTextField.swift in Sources */ = {isa = PBXBuildFile; fileRef = FA26D0A22A6122D200C583AC /* CurrencyTextField.swift */; };
		FA26D0A52A612A1C00C583AC /* CurrencyButtonView.swift in Sources */ = {isa = PBXBuildFile; fileRef = FA26D0A42A612A1C00C583AC /* CurrencyButtonView.swift */; };
		FA457E2A2A69C28400C55691 /* Double+Extension.swift in Sources */ = {isa = PBXBuildFile; fileRef = FA457E292A69C28400C55691 /* Double+Extension.swift */; };
		FA457E2C2A69D76B00C55691 /* Date+Extension.swift in Sources */ = {isa = PBXBuildFile; fileRef = FA457E2B2A69D76B00C55691 /* Date+Extension.swift */; };
		FA457E2F2A69E3DB00C55691 /* SearchManager.swift in Sources */ = {isa = PBXBuildFile; fileRef = FA457E2E2A69E3DB00C55691 /* SearchManager.swift */; };
		FA457E312A69E5B100C55691 /* CountryListViewModel.swift in Sources */ = {isa = PBXBuildFile; fileRef = FA457E302A69E5B100C55691 /* CountryListViewModel.swift */; };
		FA457E332A69EE3500C55691 /* UIViewController+Extension.swift in Sources */ = {isa = PBXBuildFile; fileRef = FA457E322A69EE3500C55691 /* UIViewController+Extension.swift */; };
		FA457E362A69FBA700C55691 /* UserDefaultsLastOpenStorage.swift in Sources */ = {isa = PBXBuildFile; fileRef = FA457E352A69FBA700C55691 /* UserDefaultsLastOpenStorage.swift */; };
		FA457E382A69FBF600C55691 /* AppLastOpenChecker.swift in Sources */ = {isa = PBXBuildFile; fileRef = FA457E372A69FBF600C55691 /* AppLastOpenChecker.swift */; };
		FA69A0C42A616378007638B4 /* RounedView.swift in Sources */ = {isa = PBXBuildFile; fileRef = FA69A0C32A616378007638B4 /* RounedView.swift */; };
		FA69A0C62A616987007638B4 /* UnderlinedButton.swift in Sources */ = {isa = PBXBuildFile; fileRef = FA69A0C52A616987007638B4 /* UnderlinedButton.swift */; };
		FA69A0C82A6190E8007638B4 /* RoundedButton.swift in Sources */ = {isa = PBXBuildFile; fileRef = FA69A0C72A6190E8007638B4 /* RoundedButton.swift */; };
		FA9C66F82A6013A300EEDB4D /* AppDelegate.swift in Sources */ = {isa = PBXBuildFile; fileRef = FA9C66F72A6013A300EEDB4D /* AppDelegate.swift */; };
		FA9C66FA2A6013A300EEDB4D /* SceneDelegate.swift in Sources */ = {isa = PBXBuildFile; fileRef = FA9C66F92A6013A300EEDB4D /* SceneDelegate.swift */; };
		FA9C67012A6013A500EEDB4D /* Assets.xcassets in Resources */ = {isa = PBXBuildFile; fileRef = FA9C67002A6013A500EEDB4D /* Assets.xcassets */; };
		FA9C67042A6013A500EEDB4D /* LaunchScreen.storyboard in Resources */ = {isa = PBXBuildFile; fileRef = FA9C67022A6013A500EEDB4D /* LaunchScreen.storyboard */; };
		FA9C670E2A601A9600EEDB4D /* HomeViewController.swift in Sources */ = {isa = PBXBuildFile; fileRef = FA9C670C2A601A9600EEDB4D /* HomeViewController.swift */; };
		FA9C670F2A601A9600EEDB4D /* HomeViewController.xib in Resources */ = {isa = PBXBuildFile; fileRef = FA9C670D2A601A9600EEDB4D /* HomeViewController.xib */; };
		FAFAFDE42A652F9F005AB094 /* Realm in Frameworks */ = {isa = PBXBuildFile; productRef = FAFAFDE32A652F9F005AB094 /* Realm */; };
		FAFAFDE62A652F9F005AB094 /* RealmSwift in Frameworks */ = {isa = PBXBuildFile; productRef = FAFAFDE52A652F9F005AB094 /* RealmSwift */; };
		FAFAFDE92A65300D005AB094 /* Alamofire in Frameworks */ = {isa = PBXBuildFile; productRef = FAFAFDE82A65300D005AB094 /* Alamofire */; };
		FAFAFDEC2A653077005AB094 /* SwiftyJSON in Frameworks */ = {isa = PBXBuildFile; productRef = FAFAFDEB2A653077005AB094 /* SwiftyJSON */; };
		FAFAFDEF2A653E2F005AB094 /* Currency.swift in Sources */ = {isa = PBXBuildFile; fileRef = FAFAFDEE2A653E2F005AB094 /* Currency.swift */; };
		FAFAFDF22A653E7F005AB094 /* Endpoint.swift in Sources */ = {isa = PBXBuildFile; fileRef = FAFAFDF12A653E7F005AB094 /* Endpoint.swift */; };
		FAFAFDF52A653EAB005AB094 /* AppString.swift in Sources */ = {isa = PBXBuildFile; fileRef = FAFAFDF42A653EAB005AB094 /* AppString.swift */; };
		FAFAFDF82A653EDF005AB094 /* String+Extension.swift in Sources */ = {isa = PBXBuildFile; fileRef = FAFAFDF72A653EDF005AB094 /* String+Extension.swift */; };
		FAFAFDFA2A653F2A005AB094 /* Localizable.strings in Resources */ = {isa = PBXBuildFile; fileRef = FAFAFDF92A653F2A005AB094 /* Localizable.strings */; };
		FAFAFDFC2A654157005AB094 /* NetworkService.swift in Sources */ = {isa = PBXBuildFile; fileRef = FAFAFDFB2A654157005AB094 /* NetworkService.swift */; };
		FAFAFE032A655291005AB094 /* PersistenceProtocol.swift in Sources */ = {isa = PBXBuildFile; fileRef = FAFAFE022A655291005AB094 /* PersistenceProtocol.swift */; };
		FAFAFE052A655372005AB094 /* PersistenceManager.swift in Sources */ = {isa = PBXBuildFile; fileRef = FAFAFE042A655372005AB094 /* PersistenceManager.swift */; };
		FAFAFE072A655436005AB094 /* CurrencyRealm.swift in Sources */ = {isa = PBXBuildFile; fileRef = FAFAFE062A655436005AB094 /* CurrencyRealm.swift */; };
		FAFAFE092A6557E3005AB094 /* HomeNetworkService.swift in Sources */ = {isa = PBXBuildFile; fileRef = FAFAFE082A6557E3005AB094 /* HomeNetworkService.swift */; };
		FAFAFE0B2A6565D3005AB094 /* HomeViewModel.swift in Sources */ = {isa = PBXBuildFile; fileRef = FAFAFE0A2A6565D3005AB094 /* HomeViewModel.swift */; };
		FAFAFE0D2A65A7D7005AB094 /* UIImage+Extension.swift in Sources */ = {isa = PBXBuildFile; fileRef = FAFAFE0C2A65A7D7005AB094 /* UIImage+Extension.swift */; };
		FAFAFE132A665641005AB094 /* CountryListViewController.swift in Sources */ = {isa = PBXBuildFile; fileRef = FAFAFE112A665641005AB094 /* CountryListViewController.swift */; };
		FAFAFE142A665641005AB094 /* CountryListViewController.xib in Resources */ = {isa = PBXBuildFile; fileRef = FAFAFE122A665641005AB094 /* CountryListViewController.xib */; };
		FAFAFE192A6659BC005AB094 /* CountryTableViewCell.swift in Sources */ = {isa = PBXBuildFile; fileRef = FAFAFE172A6659BC005AB094 /* CountryTableViewCell.swift */; };
		FAFAFE1A2A6659BC005AB094 /* CountryTableViewCell.xib in Resources */ = {isa = PBXBuildFile; fileRef = FAFAFE182A6659BC005AB094 /* CountryTableViewCell.xib */; };
		FAFAFE1F2A66CCDD005AB094 /* ExchangeRateProvider.swift in Sources */ = {isa = PBXBuildFile; fileRef = FAFAFE1E2A66CCDD005AB094 /* ExchangeRateProvider.swift */; };
		FAFAFE222A66CDB7005AB094 /* CurrencyCalculator.swift in Sources */ = {isa = PBXBuildFile; fileRef = FAFAFE212A66CDB7005AB094 /* CurrencyCalculator.swift */; };
/* End PBXBuildFile section */

/* Begin PBXFileReference section */
		FA26D09A2A603E6A00C583AC /* PrimaryTextField.swift */ = {isa = PBXFileReference; lastKnownFileType = sourcecode.swift; path = PrimaryTextField.swift; sourceTree = "<group>"; };
		FA26D09E2A603F3700C583AC /* UIView+Extension.swift */ = {isa = PBXFileReference; lastKnownFileType = sourcecode.swift; path = "UIView+Extension.swift"; sourceTree = "<group>"; };
		FA26D0A02A611F1300C583AC /* UIStackView+Extension.swift */ = {isa = PBXFileReference; lastKnownFileType = sourcecode.swift; path = "UIStackView+Extension.swift"; sourceTree = "<group>"; };
		FA26D0A22A6122D200C583AC /* CurrencyTextField.swift */ = {isa = PBXFileReference; lastKnownFileType = sourcecode.swift; path = CurrencyTextField.swift; sourceTree = "<group>"; };
		FA26D0A42A612A1C00C583AC /* CurrencyButtonView.swift */ = {isa = PBXFileReference; lastKnownFileType = sourcecode.swift; path = CurrencyButtonView.swift; sourceTree = "<group>"; };
		FA457E292A69C28400C55691 /* Double+Extension.swift */ = {isa = PBXFileReference; lastKnownFileType = sourcecode.swift; path = "Double+Extension.swift"; sourceTree = "<group>"; };
		FA457E2B2A69D76B00C55691 /* Date+Extension.swift */ = {isa = PBXFileReference; lastKnownFileType = sourcecode.swift; path = "Date+Extension.swift"; sourceTree = "<group>"; };
		FA457E2E2A69E3DB00C55691 /* SearchManager.swift */ = {isa = PBXFileReference; lastKnownFileType = sourcecode.swift; path = SearchManager.swift; sourceTree = "<group>"; };
		FA457E302A69E5B100C55691 /* CountryListViewModel.swift */ = {isa = PBXFileReference; lastKnownFileType = sourcecode.swift; path = CountryListViewModel.swift; sourceTree = "<group>"; };
		FA457E322A69EE3500C55691 /* UIViewController+Extension.swift */ = {isa = PBXFileReference; lastKnownFileType = sourcecode.swift; path = "UIViewController+Extension.swift"; sourceTree = "<group>"; };
		FA457E352A69FBA700C55691 /* UserDefaultsLastOpenStorage.swift */ = {isa = PBXFileReference; lastKnownFileType = sourcecode.swift; path = UserDefaultsLastOpenStorage.swift; sourceTree = "<group>"; };
		FA457E372A69FBF600C55691 /* AppLastOpenChecker.swift */ = {isa = PBXFileReference; lastKnownFileType = sourcecode.swift; path = AppLastOpenChecker.swift; sourceTree = "<group>"; };
		FA69A0C32A616378007638B4 /* RounedView.swift */ = {isa = PBXFileReference; lastKnownFileType = sourcecode.swift; path = RounedView.swift; sourceTree = "<group>"; };
		FA69A0C52A616987007638B4 /* UnderlinedButton.swift */ = {isa = PBXFileReference; lastKnownFileType = sourcecode.swift; path = UnderlinedButton.swift; sourceTree = "<group>"; };
		FA69A0C72A6190E8007638B4 /* RoundedButton.swift */ = {isa = PBXFileReference; lastKnownFileType = sourcecode.swift; path = RoundedButton.swift; sourceTree = "<group>"; };
		FA9C66F42A6013A300EEDB4D /* Calculator.app */ = {isa = PBXFileReference; explicitFileType = wrapper.application; includeInIndex = 0; path = Calculator.app; sourceTree = BUILT_PRODUCTS_DIR; };
		FA9C66F72A6013A300EEDB4D /* AppDelegate.swift */ = {isa = PBXFileReference; lastKnownFileType = sourcecode.swift; path = AppDelegate.swift; sourceTree = "<group>"; };
		FA9C66F92A6013A300EEDB4D /* SceneDelegate.swift */ = {isa = PBXFileReference; lastKnownFileType = sourcecode.swift; path = SceneDelegate.swift; sourceTree = "<group>"; };
		FA9C67002A6013A500EEDB4D /* Assets.xcassets */ = {isa = PBXFileReference; lastKnownFileType = folder.assetcatalog; path = Assets.xcassets; sourceTree = "<group>"; };
		FA9C67032A6013A500EEDB4D /* Base */ = {isa = PBXFileReference; lastKnownFileType = file.storyboard; name = Base; path = Base.lproj/LaunchScreen.storyboard; sourceTree = "<group>"; };
		FA9C67052A6013A500EEDB4D /* Info.plist */ = {isa = PBXFileReference; lastKnownFileType = text.plist.xml; path = Info.plist; sourceTree = "<group>"; };
		FA9C670C2A601A9600EEDB4D /* HomeViewController.swift */ = {isa = PBXFileReference; lastKnownFileType = sourcecode.swift; path = HomeViewController.swift; sourceTree = "<group>"; };
		FA9C670D2A601A9600EEDB4D /* HomeViewController.xib */ = {isa = PBXFileReference; lastKnownFileType = file.xib; path = HomeViewController.xib; sourceTree = "<group>"; };
		FAFAFDEE2A653E2F005AB094 /* Currency.swift */ = {isa = PBXFileReference; lastKnownFileType = sourcecode.swift; path = Currency.swift; sourceTree = "<group>"; };
		FAFAFDF12A653E7F005AB094 /* Endpoint.swift */ = {isa = PBXFileReference; lastKnownFileType = sourcecode.swift; path = Endpoint.swift; sourceTree = "<group>"; };
		FAFAFDF42A653EAB005AB094 /* AppString.swift */ = {isa = PBXFileReference; lastKnownFileType = sourcecode.swift; path = AppString.swift; sourceTree = "<group>"; };
		FAFAFDF72A653EDF005AB094 /* String+Extension.swift */ = {isa = PBXFileReference; lastKnownFileType = sourcecode.swift; path = "String+Extension.swift"; sourceTree = "<group>"; };
		FAFAFDF92A653F2A005AB094 /* Localizable.strings */ = {isa = PBXFileReference; lastKnownFileType = text.plist.strings; path = Localizable.strings; sourceTree = "<group>"; };
		FAFAFDFB2A654157005AB094 /* NetworkService.swift */ = {isa = PBXFileReference; lastKnownFileType = sourcecode.swift; path = NetworkService.swift; sourceTree = "<group>"; };
		FAFAFE022A655291005AB094 /* PersistenceProtocol.swift */ = {isa = PBXFileReference; lastKnownFileType = sourcecode.swift; path = PersistenceProtocol.swift; sourceTree = "<group>"; };
		FAFAFE042A655372005AB094 /* PersistenceManager.swift */ = {isa = PBXFileReference; lastKnownFileType = sourcecode.swift; path = PersistenceManager.swift; sourceTree = "<group>"; };
		FAFAFE062A655436005AB094 /* CurrencyRealm.swift */ = {isa = PBXFileReference; lastKnownFileType = sourcecode.swift; path = CurrencyRealm.swift; sourceTree = "<group>"; };
		FAFAFE082A6557E3005AB094 /* HomeNetworkService.swift */ = {isa = PBXFileReference; lastKnownFileType = sourcecode.swift; path = HomeNetworkService.swift; sourceTree = "<group>"; };
		FAFAFE0A2A6565D3005AB094 /* HomeViewModel.swift */ = {isa = PBXFileReference; lastKnownFileType = sourcecode.swift; path = HomeViewModel.swift; sourceTree = "<group>"; };
		FAFAFE0C2A65A7D7005AB094 /* UIImage+Extension.swift */ = {isa = PBXFileReference; lastKnownFileType = sourcecode.swift; path = "UIImage+Extension.swift"; sourceTree = "<group>"; };
		FAFAFE112A665641005AB094 /* CountryListViewController.swift */ = {isa = PBXFileReference; lastKnownFileType = sourcecode.swift; path = CountryListViewController.swift; sourceTree = "<group>"; };
		FAFAFE122A665641005AB094 /* CountryListViewController.xib */ = {isa = PBXFileReference; lastKnownFileType = file.xib; path = CountryListViewController.xib; sourceTree = "<group>"; };
		FAFAFE172A6659BC005AB094 /* CountryTableViewCell.swift */ = {isa = PBXFileReference; lastKnownFileType = sourcecode.swift; path = CountryTableViewCell.swift; sourceTree = "<group>"; };
		FAFAFE182A6659BC005AB094 /* CountryTableViewCell.xib */ = {isa = PBXFileReference; lastKnownFileType = file.xib; path = CountryTableViewCell.xib; sourceTree = "<group>"; };
		FAFAFE1E2A66CCDD005AB094 /* ExchangeRateProvider.swift */ = {isa = PBXFileReference; lastKnownFileType = sourcecode.swift; path = ExchangeRateProvider.swift; sourceTree = "<group>"; };
		FAFAFE212A66CDB7005AB094 /* CurrencyCalculator.swift */ = {isa = PBXFileReference; lastKnownFileType = sourcecode.swift; path = CurrencyCalculator.swift; sourceTree = "<group>"; };
/* End PBXFileReference section */

/* Begin PBXFrameworksBuildPhase section */
		FA9C66F12A6013A300EEDB4D /* Frameworks */ = {
			isa = PBXFrameworksBuildPhase;
			buildActionMask = 2147483647;
			files = (
				FAFAFDE92A65300D005AB094 /* Alamofire in Frameworks */,
				FAFAFDE62A652F9F005AB094 /* RealmSwift in Frameworks */,
				FAFAFDEC2A653077005AB094 /* SwiftyJSON in Frameworks */,
				FAFAFDE42A652F9F005AB094 /* Realm in Frameworks */,
			);
			runOnlyForDeploymentPostprocessing = 0;
		};
/* End PBXFrameworksBuildPhase section */

/* Begin PBXGroup section */
		FA26D0992A603E2100C583AC /* CustomClass */ = {
			isa = PBXGroup;
			children = (
				FA26D09A2A603E6A00C583AC /* PrimaryTextField.swift */,
				FA26D0A22A6122D200C583AC /* CurrencyTextField.swift */,
				FA26D0A42A612A1C00C583AC /* CurrencyButtonView.swift */,
				FA69A0C32A616378007638B4 /* RounedView.swift */,
				FA69A0C52A616987007638B4 /* UnderlinedButton.swift */,
				FA69A0C72A6190E8007638B4 /* RoundedButton.swift */,
			);
			path = CustomClass;
			sourceTree = "<group>";
		};
		FA26D09C2A603F1C00C583AC /* Extensions */ = {
			isa = PBXGroup;
			children = (
				FAFAFDF62A653EC8005AB094 /* Foundation */,
				FA26D09D2A603F2300C583AC /* UIKit */,
			);
			path = Extensions;
			sourceTree = "<group>";
		};
		FA26D09D2A603F2300C583AC /* UIKit */ = {
			isa = PBXGroup;
			children = (
				FA26D09E2A603F3700C583AC /* UIView+Extension.swift */,
				FA26D0A02A611F1300C583AC /* UIStackView+Extension.swift */,
				FAFAFE0C2A65A7D7005AB094 /* UIImage+Extension.swift */,
				FA457E322A69EE3500C55691 /* UIViewController+Extension.swift */,
			);
			path = UIKit;
			sourceTree = "<group>";
		};
		FA457E2D2A69E2F000C55691 /* SearchManager */ = {
			isa = PBXGroup;
			children = (
				FA457E2E2A69E3DB00C55691 /* SearchManager.swift */,
			);
			path = SearchManager;
			sourceTree = "<group>";
		};
		FA457E342A69FB9500C55691 /* LastOpen */ = {
			isa = PBXGroup;
			children = (
				FA457E352A69FBA700C55691 /* UserDefaultsLastOpenStorage.swift */,
				FA457E372A69FBF600C55691 /* AppLastOpenChecker.swift */,
			);
			path = LastOpen;
			sourceTree = "<group>";
		};
		FA9C66EB2A6013A300EEDB4D = {
			isa = PBXGroup;
			children = (
				FA9C66F62A6013A300EEDB4D /* Calculator */,
				FA9C66F52A6013A300EEDB4D /* Products */,
			);
			sourceTree = "<group>";
		};
		FA9C66F52A6013A300EEDB4D /* Products */ = {
			isa = PBXGroup;
			children = (
				FA9C66F42A6013A300EEDB4D /* Calculator.app */,
			);
			name = Products;
			sourceTree = "<group>";
		};
		FA9C66F62A6013A300EEDB4D /* Calculator */ = {
			isa = PBXGroup;
			children = (
				FAFAFE012A655281005AB094 /* Storage */,
				FAFAFDF32A653E98005AB094 /* AppConfig */,
				FAFAFDF02A653E5D005AB094 /* Networking */,
				FAFAFDED2A653C55005AB094 /* Model */,
				FA26D09C2A603F1C00C583AC /* Extensions */,
				FA26D0992A603E2100C583AC /* CustomClass */,
				FA9C67102A601B8400EEDB4D /* Scenes */,
				FA9C66F72A6013A300EEDB4D /* AppDelegate.swift */,
				FA9C66F92A6013A300EEDB4D /* SceneDelegate.swift */,
				FA9C67002A6013A500EEDB4D /* Assets.xcassets */,
				FA9C67022A6013A500EEDB4D /* LaunchScreen.storyboard */,
				FA9C67052A6013A500EEDB4D /* Info.plist */,
			);
			path = Calculator;
			sourceTree = "<group>";
		};
		FA9C670B2A601A6400EEDB4D /* Home */ = {
			isa = PBXGroup;
			children = (
				FAFAFE1D2A66CBCF005AB094 /* ViewController */,
				FAFAFE082A6557E3005AB094 /* HomeNetworkService.swift */,
				FAFAFE0A2A6565D3005AB094 /* HomeViewModel.swift */,
			);
			path = Home;
			sourceTree = "<group>";
		};
		FA9C67102A601B8400EEDB4D /* Scenes */ = {
			isa = PBXGroup;
			children = (
				FA9C670B2A601A6400EEDB4D /* Home */,
				FAFAFE102A6655FF005AB094 /* CountryList */,
				FA457E302A69E5B100C55691 /* CountryListViewModel.swift */,
			);
			path = Scenes;
			sourceTree = "<group>";
		};
		FAFAFDED2A653C55005AB094 /* Model */ = {
			isa = PBXGroup;
			children = (
				FAFAFDEE2A653E2F005AB094 /* Currency.swift */,
				FAFAFE062A655436005AB094 /* CurrencyRealm.swift */,
			);
			path = Model;
			sourceTree = "<group>";
		};
		FAFAFDF02A653E5D005AB094 /* Networking */ = {
			isa = PBXGroup;
			children = (
				FAFAFDF12A653E7F005AB094 /* Endpoint.swift */,
				FAFAFDFB2A654157005AB094 /* NetworkService.swift */,
				FAFAFE202A66CD88005AB094 /* CurrencyConverterManager */,
				FA457E2D2A69E2F000C55691 /* SearchManager */,
			);
			path = Networking;
			sourceTree = "<group>";
		};
		FAFAFDF32A653E98005AB094 /* AppConfig */ = {
			isa = PBXGroup;
			children = (
				FAFAFDF42A653EAB005AB094 /* AppString.swift */,
				FAFAFDF92A653F2A005AB094 /* Localizable.strings */,
			);
			path = AppConfig;
			sourceTree = "<group>";
		};
		FAFAFDF62A653EC8005AB094 /* Foundation */ = {
			isa = PBXGroup;
			children = (
				FAFAFDF72A653EDF005AB094 /* String+Extension.swift */,
				FA457E292A69C28400C55691 /* Double+Extension.swift */,
				FA457E2B2A69D76B00C55691 /* Date+Extension.swift */,
			);
			path = Foundation;
			sourceTree = "<group>";
		};
		FAFAFE012A655281005AB094 /* Storage */ = {
			isa = PBXGroup;
			children = (
				FA457E342A69FB9500C55691 /* LastOpen */,
				FAFAFE022A655291005AB094 /* PersistenceProtocol.swift */,
				FAFAFE042A655372005AB094 /* PersistenceManager.swift */,
			);
			path = Storage;
			sourceTree = "<group>";
		};
		FAFAFE102A6655FF005AB094 /* CountryList */ = {
			isa = PBXGroup;
			children = (
				FAFAFE1B2A6659C2005AB094 /* ViewController */,
				FAFAFE1C2A6659CB005AB094 /* View */,
			);
			path = CountryList;
			sourceTree = "<group>";
		};
		FAFAFE1B2A6659C2005AB094 /* ViewController */ = {
			isa = PBXGroup;
			children = (
				FAFAFE112A665641005AB094 /* CountryListViewController.swift */,
				FAFAFE122A665641005AB094 /* CountryListViewController.xib */,
			);
			path = ViewController;
			sourceTree = "<group>";
		};
		FAFAFE1C2A6659CB005AB094 /* View */ = {
			isa = PBXGroup;
			children = (
				FAFAFE172A6659BC005AB094 /* CountryTableViewCell.swift */,
				FAFAFE182A6659BC005AB094 /* CountryTableViewCell.xib */,
			);
			path = View;
			sourceTree = "<group>";
		};
		FAFAFE1D2A66CBCF005AB094 /* ViewController */ = {
			isa = PBXGroup;
			children = (
				FA9C670C2A601A9600EEDB4D /* HomeViewController.swift */,
				FA9C670D2A601A9600EEDB4D /* HomeViewController.xib */,
			);
			path = ViewController;
			sourceTree = "<group>";
		};
		FAFAFE202A66CD88005AB094 /* CurrencyConverterManager */ = {
			isa = PBXGroup;
			children = (
				FAFAFE1E2A66CCDD005AB094 /* ExchangeRateProvider.swift */,
				FAFAFE212A66CDB7005AB094 /* CurrencyCalculator.swift */,
			);
			path = CurrencyConverterManager;
			sourceTree = "<group>";
		};
/* End PBXGroup section */

/* Begin PBXNativeTarget section */
		FA9C66F32A6013A300EEDB4D /* Calculator */ = {
			isa = PBXNativeTarget;
			buildConfigurationList = FA9C67082A6013A500EEDB4D /* Build configuration list for PBXNativeTarget "Calculator" */;
			buildPhases = (
				FA9C66F02A6013A300EEDB4D /* Sources */,
				FA9C66F12A6013A300EEDB4D /* Frameworks */,
				FA9C66F22A6013A300EEDB4D /* Resources */,
			);
			buildRules = (
			);
			dependencies = (
			);
			name = Calculator;
			packageProductDependencies = (
				FAFAFDE32A652F9F005AB094 /* Realm */,
				FAFAFDE52A652F9F005AB094 /* RealmSwift */,
				FAFAFDE82A65300D005AB094 /* Alamofire */,
				FAFAFDEB2A653077005AB094 /* SwiftyJSON */,
			);
			productName = Calculator;
			productReference = FA9C66F42A6013A300EEDB4D /* Calculator.app */;
			productType = "com.apple.product-type.application";
		};
/* End PBXNativeTarget section */

/* Begin PBXProject section */
		FA9C66EC2A6013A300EEDB4D /* Project object */ = {
			isa = PBXProject;
			attributes = {
				BuildIndependentTargetsInParallel = 1;
				LastSwiftUpdateCheck = 1410;
				LastUpgradeCheck = 1410;
				TargetAttributes = {
					FA9C66F32A6013A300EEDB4D = {
						CreatedOnToolsVersion = 14.1;
					};
				};
			};
			buildConfigurationList = FA9C66EF2A6013A300EEDB4D /* Build configuration list for PBXProject "Calculator" */;
			compatibilityVersion = "Xcode 14.0";
			developmentRegion = en;
			hasScannedForEncodings = 0;
			knownRegions = (
				en,
				Base,
			);
			mainGroup = FA9C66EB2A6013A300EEDB4D;
			packageReferences = (
				FAFAFDE22A652F9F005AB094 /* XCRemoteSwiftPackageReference "realm-swift" */,
				FAFAFDE72A65300D005AB094 /* XCRemoteSwiftPackageReference "Alamofire" */,
				FAFAFDEA2A653077005AB094 /* XCRemoteSwiftPackageReference "SwiftyJSON" */,
			);
			productRefGroup = FA9C66F52A6013A300EEDB4D /* Products */;
			projectDirPath = "";
			projectRoot = "";
			targets = (
				FA9C66F32A6013A300EEDB4D /* Calculator */,
			);
		};
/* End PBXProject section */

/* Begin PBXResourcesBuildPhase section */
		FA9C66F22A6013A300EEDB4D /* Resources */ = {
			isa = PBXResourcesBuildPhase;
			buildActionMask = 2147483647;
			files = (
				FAFAFE1A2A6659BC005AB094 /* CountryTableViewCell.xib in Resources */,
				FAFAFE142A665641005AB094 /* CountryListViewController.xib in Resources */,
				FA9C67042A6013A500EEDB4D /* LaunchScreen.storyboard in Resources */,
				FAFAFDFA2A653F2A005AB094 /* Localizable.strings in Resources */,
				FA9C67012A6013A500EEDB4D /* Assets.xcassets in Resources */,
				FA9C670F2A601A9600EEDB4D /* HomeViewController.xib in Resources */,
			);
			runOnlyForDeploymentPostprocessing = 0;
		};
/* End PBXResourcesBuildPhase section */

/* Begin PBXSourcesBuildPhase section */
		FA9C66F02A6013A300EEDB4D /* Sources */ = {
			isa = PBXSourcesBuildPhase;
			buildActionMask = 2147483647;
			files = (
				FA457E332A69EE3500C55691 /* UIViewController+Extension.swift in Sources */,
				FAFAFDF52A653EAB005AB094 /* AppString.swift in Sources */,
				FAFAFE1F2A66CCDD005AB094 /* ExchangeRateProvider.swift in Sources */,
				FAFAFE132A665641005AB094 /* CountryListViewController.swift in Sources */,
				FAFAFDEF2A653E2F005AB094 /* Currency.swift in Sources */,
				FAFAFE072A655436005AB094 /* CurrencyRealm.swift in Sources */,
				FA457E312A69E5B100C55691 /* CountryListViewModel.swift in Sources */,
				FAFAFE092A6557E3005AB094 /* HomeNetworkService.swift in Sources */,
				FA69A0C62A616987007638B4 /* UnderlinedButton.swift in Sources */,
				FA26D09F2A603F3700C583AC /* UIView+Extension.swift in Sources */,
				FA457E362A69FBA700C55691 /* UserDefaultsLastOpenStorage.swift in Sources */,
				FAFAFDF22A653E7F005AB094 /* Endpoint.swift in Sources */,
				FA69A0C42A616378007638B4 /* RounedView.swift in Sources */,
				FA26D0A12A611F1300C583AC /* UIStackView+Extension.swift in Sources */,
				FA457E382A69FBF600C55691 /* AppLastOpenChecker.swift in Sources */,
				FAFAFE0D2A65A7D7005AB094 /* UIImage+Extension.swift in Sources */,
				FA26D09B2A603E6A00C583AC /* PrimaryTextField.swift in Sources */,
				FA9C66F82A6013A300EEDB4D /* AppDelegate.swift in Sources */,
				FAFAFE052A655372005AB094 /* PersistenceManager.swift in Sources */,
				FA457E2C2A69D76B00C55691 /* Date+Extension.swift in Sources */,
				FA457E2A2A69C28400C55691 /* Double+Extension.swift in Sources */,
				FA69A0C82A6190E8007638B4 /* RoundedButton.swift in Sources */,
				FAFAFDFC2A654157005AB094 /* NetworkService.swift in Sources */,
				FAFAFE222A66CDB7005AB094 /* CurrencyCalculator.swift in Sources */,
				FA26D0A52A612A1C00C583AC /* CurrencyButtonView.swift in Sources */,
				FAFAFE032A655291005AB094 /* PersistenceProtocol.swift in Sources */,
				FAFAFE192A6659BC005AB094 /* CountryTableViewCell.swift in Sources */,
				FAFAFE0B2A6565D3005AB094 /* HomeViewModel.swift in Sources */,
				FA9C66FA2A6013A300EEDB4D /* SceneDelegate.swift in Sources */,
				FA26D0A32A6122D200C583AC /* CurrencyTextField.swift in Sources */,
				FA457E2F2A69E3DB00C55691 /* SearchManager.swift in Sources */,
				FAFAFDF82A653EDF005AB094 /* String+Extension.swift in Sources */,
				FA9C670E2A601A9600EEDB4D /* HomeViewController.swift in Sources */,
			);
			runOnlyForDeploymentPostprocessing = 0;
		};
/* End PBXSourcesBuildPhase section */

/* Begin PBXVariantGroup section */
		FA9C67022A6013A500EEDB4D /* LaunchScreen.storyboard */ = {
			isa = PBXVariantGroup;
			children = (
				FA9C67032A6013A500EEDB4D /* Base */,
			);
			name = LaunchScreen.storyboard;
			sourceTree = "<group>";
		};
/* End PBXVariantGroup section */

/* Begin XCBuildConfiguration section */
		FA9C67062A6013A500EEDB4D /* Debug */ = {
			isa = XCBuildConfiguration;
			buildSettings = {
				ALWAYS_SEARCH_USER_PATHS = NO;
				CLANG_ANALYZER_NONNULL = YES;
				CLANG_ANALYZER_NUMBER_OBJECT_CONVERSION = YES_AGGRESSIVE;
				CLANG_CXX_LANGUAGE_STANDARD = "gnu++20";
				CLANG_ENABLE_MODULES = YES;
				CLANG_ENABLE_OBJC_ARC = YES;
				CLANG_ENABLE_OBJC_WEAK = YES;
				CLANG_WARN_BLOCK_CAPTURE_AUTORELEASING = YES;
				CLANG_WARN_BOOL_CONVERSION = YES;
				CLANG_WARN_COMMA = YES;
				CLANG_WARN_CONSTANT_CONVERSION = YES;
				CLANG_WARN_DEPRECATED_OBJC_IMPLEMENTATIONS = YES;
				CLANG_WARN_DIRECT_OBJC_ISA_USAGE = YES_ERROR;
				CLANG_WARN_DOCUMENTATION_COMMENTS = YES;
				CLANG_WARN_EMPTY_BODY = YES;
				CLANG_WARN_ENUM_CONVERSION = YES;
				CLANG_WARN_INFINITE_RECURSION = YES;
				CLANG_WARN_INT_CONVERSION = YES;
				CLANG_WARN_NON_LITERAL_NULL_CONVERSION = YES;
				CLANG_WARN_OBJC_IMPLICIT_RETAIN_SELF = YES;
				CLANG_WARN_OBJC_LITERAL_CONVERSION = YES;
				CLANG_WARN_OBJC_ROOT_CLASS = YES_ERROR;
				CLANG_WARN_QUOTED_INCLUDE_IN_FRAMEWORK_HEADER = YES;
				CLANG_WARN_RANGE_LOOP_ANALYSIS = YES;
				CLANG_WARN_STRICT_PROTOTYPES = YES;
				CLANG_WARN_SUSPICIOUS_MOVE = YES;
				CLANG_WARN_UNGUARDED_AVAILABILITY = YES_AGGRESSIVE;
				CLANG_WARN_UNREACHABLE_CODE = YES;
				CLANG_WARN__DUPLICATE_METHOD_MATCH = YES;
				COPY_PHASE_STRIP = NO;
				DEBUG_INFORMATION_FORMAT = dwarf;
				ENABLE_STRICT_OBJC_MSGSEND = YES;
				ENABLE_TESTABILITY = YES;
				GCC_C_LANGUAGE_STANDARD = gnu11;
				GCC_DYNAMIC_NO_PIC = NO;
				GCC_NO_COMMON_BLOCKS = YES;
				GCC_OPTIMIZATION_LEVEL = 0;
				GCC_PREPROCESSOR_DEFINITIONS = (
					"DEBUG=1",
					"$(inherited)",
				);
				GCC_WARN_64_TO_32_BIT_CONVERSION = YES;
				GCC_WARN_ABOUT_RETURN_TYPE = YES_ERROR;
				GCC_WARN_UNDECLARED_SELECTOR = YES;
				GCC_WARN_UNINITIALIZED_AUTOS = YES_AGGRESSIVE;
				GCC_WARN_UNUSED_FUNCTION = YES;
				GCC_WARN_UNUSED_VARIABLE = YES;
				IPHONEOS_DEPLOYMENT_TARGET = 16.1;
				MTL_ENABLE_DEBUG_INFO = INCLUDE_SOURCE;
				MTL_FAST_MATH = YES;
				ONLY_ACTIVE_ARCH = YES;
				SDKROOT = iphoneos;
				SWIFT_ACTIVE_COMPILATION_CONDITIONS = DEBUG;
				SWIFT_OPTIMIZATION_LEVEL = "-Onone";
			};
			name = Debug;
		};
		FA9C67072A6013A500EEDB4D /* Release */ = {
			isa = XCBuildConfiguration;
			buildSettings = {
				ALWAYS_SEARCH_USER_PATHS = NO;
				CLANG_ANALYZER_NONNULL = YES;
				CLANG_ANALYZER_NUMBER_OBJECT_CONVERSION = YES_AGGRESSIVE;
				CLANG_CXX_LANGUAGE_STANDARD = "gnu++20";
				CLANG_ENABLE_MODULES = YES;
				CLANG_ENABLE_OBJC_ARC = YES;
				CLANG_ENABLE_OBJC_WEAK = YES;
				CLANG_WARN_BLOCK_CAPTURE_AUTORELEASING = YES;
				CLANG_WARN_BOOL_CONVERSION = YES;
				CLANG_WARN_COMMA = YES;
				CLANG_WARN_CONSTANT_CONVERSION = YES;
				CLANG_WARN_DEPRECATED_OBJC_IMPLEMENTATIONS = YES;
				CLANG_WARN_DIRECT_OBJC_ISA_USAGE = YES_ERROR;
				CLANG_WARN_DOCUMENTATION_COMMENTS = YES;
				CLANG_WARN_EMPTY_BODY = YES;
				CLANG_WARN_ENUM_CONVERSION = YES;
				CLANG_WARN_INFINITE_RECURSION = YES;
				CLANG_WARN_INT_CONVERSION = YES;
				CLANG_WARN_NON_LITERAL_NULL_CONVERSION = YES;
				CLANG_WARN_OBJC_IMPLICIT_RETAIN_SELF = YES;
				CLANG_WARN_OBJC_LITERAL_CONVERSION = YES;
				CLANG_WARN_OBJC_ROOT_CLASS = YES_ERROR;
				CLANG_WARN_QUOTED_INCLUDE_IN_FRAMEWORK_HEADER = YES;
				CLANG_WARN_RANGE_LOOP_ANALYSIS = YES;
				CLANG_WARN_STRICT_PROTOTYPES = YES;
				CLANG_WARN_SUSPICIOUS_MOVE = YES;
				CLANG_WARN_UNGUARDED_AVAILABILITY = YES_AGGRESSIVE;
				CLANG_WARN_UNREACHABLE_CODE = YES;
				CLANG_WARN__DUPLICATE_METHOD_MATCH = YES;
				COPY_PHASE_STRIP = NO;
				DEBUG_INFORMATION_FORMAT = "dwarf-with-dsym";
				ENABLE_NS_ASSERTIONS = NO;
				ENABLE_STRICT_OBJC_MSGSEND = YES;
				GCC_C_LANGUAGE_STANDARD = gnu11;
				GCC_NO_COMMON_BLOCKS = YES;
				GCC_WARN_64_TO_32_BIT_CONVERSION = YES;
				GCC_WARN_ABOUT_RETURN_TYPE = YES_ERROR;
				GCC_WARN_UNDECLARED_SELECTOR = YES;
				GCC_WARN_UNINITIALIZED_AUTOS = YES_AGGRESSIVE;
				GCC_WARN_UNUSED_FUNCTION = YES;
				GCC_WARN_UNUSED_VARIABLE = YES;
				IPHONEOS_DEPLOYMENT_TARGET = 16.1;
				MTL_ENABLE_DEBUG_INFO = NO;
				MTL_FAST_MATH = YES;
				SDKROOT = iphoneos;
				SWIFT_COMPILATION_MODE = wholemodule;
				SWIFT_OPTIMIZATION_LEVEL = "-O";
				VALIDATE_PRODUCT = YES;
			};
			name = Release;
		};
		FA9C67092A6013A500EEDB4D /* Debug */ = {
			isa = XCBuildConfiguration;
			buildSettings = {
				ASSETCATALOG_COMPILER_APPICON_NAME = AppIcon;
				ASSETCATALOG_COMPILER_GLOBAL_ACCENT_COLOR_NAME = AccentColor;
				CODE_SIGN_STYLE = Automatic;
				CURRENT_PROJECT_VERSION = 1;
				DEVELOPMENT_TEAM = ZB7W8B73A3;
				GENERATE_INFOPLIST_FILE = YES;
				INFOPLIST_FILE = Calculator/Info.plist;
				INFOPLIST_KEY_UIApplicationSupportsIndirectInputEvents = YES;
				INFOPLIST_KEY_UILaunchStoryboardName = LaunchScreen;
				INFOPLIST_KEY_UISupportedInterfaceOrientations_iPad = "UIInterfaceOrientationPortrait UIInterfaceOrientationPortraitUpsideDown UIInterfaceOrientationLandscapeLeft UIInterfaceOrientationLandscapeRight";
				INFOPLIST_KEY_UISupportedInterfaceOrientations_iPhone = "UIInterfaceOrientationPortrait UIInterfaceOrientationLandscapeLeft UIInterfaceOrientationLandscapeRight";
				LD_RUNPATH_SEARCH_PATHS = (
					"$(inherited)",
					"@executable_path/Frameworks",
				);
				MARKETING_VERSION = 1.0;
				PRODUCT_BUNDLE_IDENTIFIER = com.tomcodes.Calculator;
				PRODUCT_NAME = "$(TARGET_NAME)";
				SWIFT_EMIT_LOC_STRINGS = YES;
				SWIFT_VERSION = 5.0;
				TARGETED_DEVICE_FAMILY = "1,2";
			};
			name = Debug;
		};
		FA9C670A2A6013A500EEDB4D /* Release */ = {
			isa = XCBuildConfiguration;
			buildSettings = {
				ASSETCATALOG_COMPILER_APPICON_NAME = AppIcon;
				ASSETCATALOG_COMPILER_GLOBAL_ACCENT_COLOR_NAME = AccentColor;
				CODE_SIGN_STYLE = Automatic;
				CURRENT_PROJECT_VERSION = 1;
				DEVELOPMENT_TEAM = ZB7W8B73A3;
				GENERATE_INFOPLIST_FILE = YES;
				INFOPLIST_FILE = Calculator/Info.plist;
				INFOPLIST_KEY_UIApplicationSupportsIndirectInputEvents = YES;
				INFOPLIST_KEY_UILaunchStoryboardName = LaunchScreen;
				INFOPLIST_KEY_UISupportedInterfaceOrientations_iPad = "UIInterfaceOrientationPortrait UIInterfaceOrientationPortraitUpsideDown UIInterfaceOrientationLandscapeLeft UIInterfaceOrientationLandscapeRight";
				INFOPLIST_KEY_UISupportedInterfaceOrientations_iPhone = "UIInterfaceOrientationPortrait UIInterfaceOrientationLandscapeLeft UIInterfaceOrientationLandscapeRight";
				LD_RUNPATH_SEARCH_PATHS = (
					"$(inherited)",
					"@executable_path/Frameworks",
				);
				MARKETING_VERSION = 1.0;
				PRODUCT_BUNDLE_IDENTIFIER = com.tomcodes.Calculator;
				PRODUCT_NAME = "$(TARGET_NAME)";
				SWIFT_EMIT_LOC_STRINGS = YES;
				SWIFT_VERSION = 5.0;
				TARGETED_DEVICE_FAMILY = "1,2";
			};
			name = Release;
		};
/* End XCBuildConfiguration section */

/* Begin XCConfigurationList section */
		FA9C66EF2A6013A300EEDB4D /* Build configuration list for PBXProject "Calculator" */ = {
			isa = XCConfigurationList;
			buildConfigurations = (
				FA9C67062A6013A500EEDB4D /* Debug */,
				FA9C67072A6013A500EEDB4D /* Release */,
			);
			defaultConfigurationIsVisible = 0;
			defaultConfigurationName = Release;
		};
		FA9C67082A6013A500EEDB4D /* Build configuration list for PBXNativeTarget "Calculator" */ = {
			isa = XCConfigurationList;
			buildConfigurations = (
				FA9C67092A6013A500EEDB4D /* Debug */,
				FA9C670A2A6013A500EEDB4D /* Release */,
			);
			defaultConfigurationIsVisible = 0;
			defaultConfigurationName = Release;
		};
/* End XCConfigurationList section */

/* Begin XCRemoteSwiftPackageReference section */
		FAFAFDE22A652F9F005AB094 /* XCRemoteSwiftPackageReference "realm-swift" */ = {
			isa = XCRemoteSwiftPackageReference;
			repositoryURL = "https://github.com/realm/realm-swift.git";
			requirement = {
				kind = upToNextMajorVersion;
				minimumVersion = 10.41.0;
			};
		};
		FAFAFDE72A65300D005AB094 /* XCRemoteSwiftPackageReference "Alamofire" */ = {
			isa = XCRemoteSwiftPackageReference;
			repositoryURL = "https://github.com/Alamofire/Alamofire.git";
			requirement = {
				kind = upToNextMajorVersion;
				minimumVersion = 5.0.0;
			};
		};
		FAFAFDEA2A653077005AB094 /* XCRemoteSwiftPackageReference "SwiftyJSON" */ = {
			isa = XCRemoteSwiftPackageReference;
			repositoryURL = "https://github.com/SwiftyJSON/SwiftyJSON.git";
			requirement = {
				kind = upToNextMajorVersion;
				minimumVersion = 5.0.0;
			};
		};
/* End XCRemoteSwiftPackageReference section */

/* Begin XCSwiftPackageProductDependency section */
		FAFAFDE32A652F9F005AB094 /* Realm */ = {
			isa = XCSwiftPackageProductDependency;
			package = FAFAFDE22A652F9F005AB094 /* XCRemoteSwiftPackageReference "realm-swift" */;
			productName = Realm;
		};
		FAFAFDE52A652F9F005AB094 /* RealmSwift */ = {
			isa = XCSwiftPackageProductDependency;
			package = FAFAFDE22A652F9F005AB094 /* XCRemoteSwiftPackageReference "realm-swift" */;
			productName = RealmSwift;
		};
		FAFAFDE82A65300D005AB094 /* Alamofire */ = {
			isa = XCSwiftPackageProductDependency;
			package = FAFAFDE72A65300D005AB094 /* XCRemoteSwiftPackageReference "Alamofire" */;
			productName = Alamofire;
		};
		FAFAFDEB2A653077005AB094 /* SwiftyJSON */ = {
			isa = XCSwiftPackageProductDependency;
			package = FAFAFDEA2A653077005AB094 /* XCRemoteSwiftPackageReference "SwiftyJSON" */;
			productName = SwiftyJSON;
		};
/* End XCSwiftPackageProductDependency section */
	};
	rootObject = FA9C66EC2A6013A300EEDB4D /* Project object */;
}
