// !$*UTF8*$!
{
	archiveVersion = 1;
	classes = {
	};
	objectVersion = 56;
	objects = {

/* Begin PBXBuildFile section */
		FA26D09B2A603E6A00C583AC /* PrimaryTextField.swift in Sources */ = {isa = PBXBuildFile; fileRef = FA26D09A2A603E6A00C583AC /* PrimaryTextField.swift */; };
		FA26D09F2A603F3700C583AC /* UIView+Extension.swift in Sources */ = {isa = PBXBuildFile; fileRef = FA26D09E2A603F3700C583AC /* UIView+Extension.swift */; };
		FA26D0A12A611F1300C583AC /* UIStackView+Extension.swift in Sources */ = {isa = PBXBuildFile; fileRef = FA26D0A02A611F1300C583AC /* UIStackView+Extension.swift */; };
		FA26D0A32A6122D200C583AC /* CurrencyTextField.swift in Sources */ = {isa = PBXBuildFile; fileRef = FA26D0A22A6122D200C583AC /* CurrencyTextField.swift */; };
		FA26D0A52A612A1C00C583AC /* CurrencyButtonView.swift in Sources */ = {isa = PBXBuildFile; fileRef = FA26D0A42A612A1C00C583AC /* CurrencyButtonView.swift */; };
		FA69A0C42A616378007638B4 /* RounedView.swift in Sources */ = {isa = PBXBuildFile; fileRef = FA69A0C32A616378007638B4 /* RounedView.swift */; };
		FA69A0C62A616987007638B4 /* UnderlinedButton.swift in Sources */ = {isa = PBXBuildFile; fileRef = FA69A0C52A616987007638B4 /* UnderlinedButton.swift */; };
		FA69A0C82A6190E8007638B4 /* RoundedButton.swift in Sources */ = {isa = PBXBuildFile; fileRef = FA69A0C72A6190E8007638B4 /* RoundedButton.swift */; };
		FA9C66F82A6013A300EEDB4D /* AppDelegate.swift in Sources */ = {isa = PBXBuildFile; fileRef = FA9C66F72A6013A300EEDB4D /* AppDelegate.swift */; };
		FA9C66FA2A6013A300EEDB4D /* SceneDelegate.swift in Sources */ = {isa = PBXBuildFile; fileRef = FA9C66F92A6013A300EEDB4D /* SceneDelegate.swift */; };
		FA9C67012A6013A500EEDB4D /* Assets.xcassets in Resources */ = {isa = PBXBuildFile; fileRef = FA9C67002A6013A500EEDB4D /* Assets.xcassets */; };
		FA9C67042A6013A500EEDB4D /* LaunchScreen.storyboard in Resources */ = {isa = PBXBuildFile; fileRef = FA9C67022A6013A500EEDB4D /* LaunchScreen.storyboard */; };
		FA9C670E2A601A9600EEDB4D /* HomeViewController.swift in Sources */ = {isa = PBXBuildFile; fileRef = FA9C670C2A601A9600EEDB4D /* HomeViewController.swift */; };
		FA9C670F2A601A9600EEDB4D /* HomeViewController.xib in Resources */ = {isa = PBXBuildFile; fileRef = FA9C670D2A601A9600EEDB4D /* HomeViewController.xib */; };
		FAFAFDE42A652F9F005AB094 /* Realm in Frameworks */ = {isa = PBXBuildFile; productRef = FAFAFDE32A652F9F005AB094 /* Realm */; };
		FAFAFDE62A652F9F005AB094 /* RealmSwift in Frameworks */ = {isa = PBXBuildFile; productRef = FAFAFDE52A652F9F005AB094 /* RealmSwift */; };
		FAFAFDE92A65300D005AB094 /* Alamofire in Frameworks */ = {isa = PBXBuildFile; productRef = FAFAFDE82A65300D005AB094 /* Alamofire */; };
		FAFAFDEC2A653077005AB094 /* SwiftyJSON in Frameworks */ = {isa = PBXBuildFile; productRef = FAFAFDEB2A653077005AB094 /* SwiftyJSON */; };
/* End PBXBuildFile section */

/* Begin PBXFileReference section */
		FA26D09A2A603E6A00C583AC /* PrimaryTextField.swift */ = {isa = PBXFileReference; lastKnownFileType = sourcecode.swift; path = PrimaryTextField.swift; sourceTree = "<group>"; };
		FA26D09E2A603F3700C583AC /* UIView+Extension.swift */ = {isa = PBXFileReference; lastKnownFileType = sourcecode.swift; path = "UIView+Extension.swift"; sourceTree = "<group>"; };
		FA26D0A02A611F1300C583AC /* UIStackView+Extension.swift */ = {isa = PBXFileReference; lastKnownFileType = sourcecode.swift; path = "UIStackView+Extension.swift"; sourceTree = "<group>"; };
		FA26D0A22A6122D200C583AC /* CurrencyTextField.swift */ = {isa = PBXFileReference; lastKnownFileType = sourcecode.swift; path = CurrencyTextField.swift; sourceTree = "<group>"; };
		FA26D0A42A612A1C00C583AC /* CurrencyButtonView.swift */ = {isa = PBXFileReference; lastKnownFileType = sourcecode.swift; path = CurrencyButtonView.swift; sourceTree = "<group>"; };
		FA69A0C32A616378007638B4 /* RounedView.swift */ = {isa = PBXFileReference; lastKnownFileType = sourcecode.swift; path = RounedView.swift; sourceTree = "<group>"; };
		FA69A0C52A616987007638B4 /* UnderlinedButton.swift */ = {isa = PBXFileReference; lastKnownFileType = sourcecode.swift; path = UnderlinedButton.swift; sourceTree = "<group>"; };
		FA69A0C72A6190E8007638B4 /* RoundedButton.swift */ = {isa = PBXFileReference; lastKnownFileType = sourcecode.swift; path = RoundedButton.swift; sourceTree = "<group>"; };
		FA9C66F42A6013A300EEDB4D /* Calculator.app */ = {isa = PBXFileReference; explicitFileType = wrapper.application; includeInIndex = 0; path = Calculator.app; sourceTree = BUILT_PRODUCTS_DIR; };
		FA9C66F72A6013A300EEDB4D /* AppDelegate.swift */ = {isa = PBXFileReference; lastKnownFileType = sourcecode.swift; path = AppDelegate.swift; sourceTree = "<group>"; };
		FA9C66F92A6013A300EEDB4D /* SceneDelegate.swift */ = {isa = PBXFileReference; lastKnownFileType = sourcecode.swift; path = SceneDelegate.swift; sourceTree = "<group>"; };
		FA9C67002A6013A500EEDB4D /* Assets.xcassets */ = {isa = PBXFileReference; lastKnownFileType = folder.assetcatalog; path = Assets.xcassets; sourceTree = "<group>"; };
		FA9C67032A6013A500EEDB4D /* Base */ = {isa = PBXFileReference; lastKnownFileType = file.storyboard; name = Base; path = Base.lproj/LaunchScreen.storyboard; sourceTree = "<group>"; };
		FA9C67052A6013A500EEDB4D /* Info.plist */ = {isa = PBXFileReference; lastKnownFileType = text.plist.xml; path = Info.plist; sourceTree = "<group>"; };
		FA9C670C2A601A9600EEDB4D /* HomeViewController.swift */ = {isa = PBXFileReference; lastKnownFileType = sourcecode.swift; path = HomeViewController.swift; sourceTree = "<group>"; };
		FA9C670D2A601A9600EEDB4D /* HomeViewController.xib */ = {isa = PBXFileReference; lastKnownFileType = file.xib; path = HomeViewController.xib; sourceTree = "<group>"; };
/* End PBXFileReference section */

/* Begin PBXFrameworksBuildPhase section */
		FA9C66F12A6013A300EEDB4D /* Frameworks */ = {
			isa = PBXFrameworksBuildPhase;
			buildActionMask = 2147483647;
			files = (
				FAFAFDE92A65300D005AB094 /* Alamofire in Frameworks */,
				FAFAFDE62A652F9F005AB094 /* RealmSwift in Frameworks */,
				FAFAFDEC2A653077005AB094 /* SwiftyJSON in Frameworks */,
				FAFAFDE42A652F9F005AB094 /* Realm in Frameworks */,
			);
			runOnlyForDeploymentPostprocessing = 0;
		};
/* End PBXFrameworksBuildPhase section */

/* Begin PBXGroup section */
		FA26D0992A603E2100C583AC /* CustomClass */ = {
			isa = PBXGroup;
			children = (
				FA26D09A2A603E6A00C583AC /* PrimaryTextField.swift */,
				FA26D0A22A6122D200C583AC /* CurrencyTextField.swift */,
				FA26D0A42A612A1C00C583AC /* CurrencyButtonView.swift */,
				FA69A0C32A616378007638B4 /* RounedView.swift */,
				FA69A0C52A616987007638B4 /* UnderlinedButton.swift */,
				FA69A0C72A6190E8007638B4 /* RoundedButton.swift */,
			);
			path = CustomClass;
			sourceTree = "<group>";
		};
		FA26D09C2A603F1C00C583AC /* Extensions */ = {
			isa = PBXGroup;
			children = (
				FA26D09D2A603F2300C583AC /* UIKit */,
			);
			path = Extensions;
			sourceTree = "<group>";
		};
		FA26D09D2A603F2300C583AC /* UIKit */ = {
			isa = PBXGroup;
			children = (
				FA26D09E2A603F3700C583AC /* UIView+Extension.swift */,
				FA26D0A02A611F1300C583AC /* UIStackView+Extension.swift */,
			);
			path = UIKit;
			sourceTree = "<group>";
		};
		FA9C66EB2A6013A300EEDB4D = {
			isa = PBXGroup;
			children = (
				FA9C66F62A6013A300EEDB4D /* Calculator */,
				FA9C66F52A6013A300EEDB4D /* Products */,
			);
			sourceTree = "<group>";
		};
		FA9C66F52A6013A300EEDB4D /* Products */ = {
			isa = PBXGroup;
			children = (
				FA9C66F42A6013A300EEDB4D /* Calculator.app */,
			);
			name = Products;
			sourceTree = "<group>";
		};
		FA9C66F62A6013A300EEDB4D /* Calculator */ = {
			isa = PBXGroup;
			children = (
				FA26D09C2A603F1C00C583AC /* Extensions */,
				FA26D0992A603E2100C583AC /* CustomClass */,
				FA9C67102A601B8400EEDB4D /* Scenes */,
				FA9C66F72A6013A300EEDB4D /* AppDelegate.swift */,
				FA9C66F92A6013A300EEDB4D /* SceneDelegate.swift */,
				FA9C67002A6013A500EEDB4D /* Assets.xcassets */,
				FA9C67022A6013A500EEDB4D /* LaunchScreen.storyboard */,
				FA9C67052A6013A500EEDB4D /* Info.plist */,
			);
			path = Calculator;
			sourceTree = "<group>";
		};
		FA9C670B2A601A6400EEDB4D /* Home */ = {
			isa = PBXGroup;
			children = (
				FA9C670C2A601A9600EEDB4D /* HomeViewController.swift */,
				FA9C670D2A601A9600EEDB4D /* HomeViewController.xib */,
			);
			path = Home;
			sourceTree = "<group>";
		};
		FA9C67102A601B8400EEDB4D /* Scenes */ = {
			isa = PBXGroup;
			children = (
				FA9C670B2A601A6400EEDB4D /* Home */,
			);
			path = Scenes;
			sourceTree = "<group>";
		};
/* End PBXGroup section */

/* Begin PBXNativeTarget section */
		FA9C66F32A6013A300EEDB4D /* Calculator */ = {
			isa = PBXNativeTarget;
			buildConfigurationList = FA9C67082A6013A500EEDB4D /* Build configuration list for PBXNativeTarget "Calculator" */;
			buildPhases = (
				FA9C66F02A6013A300EEDB4D /* Sources */,
				FA9C66F12A6013A300EEDB4D /* Frameworks */,
				FA9C66F22A6013A300EEDB4D /* Resources */,
			);
			buildRules = (
			);
			dependencies = (
			);
			name = Calculator;
			packageProductDependencies = (
				FAFAFDE32A652F9F005AB094 /* Realm */,
				FAFAFDE52A652F9F005AB094 /* RealmSwift */,
				FAFAFDE82A65300D005AB094 /* Alamofire */,
				FAFAFDEB2A653077005AB094 /* SwiftyJSON */,
			);
			productName = Calculator;
			productReference = FA9C66F42A6013A300EEDB4D /* Calculator.app */;
			productType = "com.apple.product-type.application";
		};
/* End PBXNativeTarget section */

/* Begin PBXProject section */
		FA9C66EC2A6013A300EEDB4D /* Project object */ = {
			isa = PBXProject;
			attributes = {
				BuildIndependentTargetsInParallel = 1;
				LastSwiftUpdateCheck = 1410;
				LastUpgradeCheck = 1410;
				TargetAttributes = {
					FA9C66F32A6013A300EEDB4D = {
						CreatedOnToolsVersion = 14.1;
					};
				};
			};
			buildConfigurationList = FA9C66EF2A6013A300EEDB4D /* Build configuration list for PBXProject "Calculator" */;
			compatibilityVersion = "Xcode 14.0";
			developmentRegion = en;
			hasScannedForEncodings = 0;
			knownRegions = (
				en,
				Base,
			);
			mainGroup = FA9C66EB2A6013A300EEDB4D;
			packageReferences = (
				FAFAFDE22A652F9F005AB094 /* XCRemoteSwiftPackageReference "realm-swift" */,
				FAFAFDE72A65300D005AB094 /* XCRemoteSwiftPackageReference "Alamofire" */,
				FAFAFDEA2A653077005AB094 /* XCRemoteSwiftPackageReference "SwiftyJSON" */,
			);
			productRefGroup = FA9C66F52A6013A300EEDB4D /* Products */;
			projectDirPath = "";
			projectRoot = "";
			targets = (
				FA9C66F32A6013A300EEDB4D /* Calculator */,
			);
		};
/* End PBXProject section */

/* Begin PBXResourcesBuildPhase section */
		FA9C66F22A6013A300EEDB4D /* Resources */ = {
			isa = PBXResourcesBuildPhase;
			buildActionMask = 2147483647;
			files = (
				FA9C67042A6013A500EEDB4D /* LaunchScreen.storyboard in Resources */,
				FA9C67012A6013A500EEDB4D /* Assets.xcassets in Resources */,
				FA9C670F2A601A9600EEDB4D /* HomeViewController.xib in Resources */,
			);
			runOnlyForDeploymentPostprocessing = 0;
		};
/* End PBXResourcesBuildPhase section */

/* Begin PBXSourcesBuildPhase section */
		FA9C66F02A6013A300EEDB4D /* Sources */ = {
			isa = PBXSourcesBuildPhase;
			buildActionMask = 2147483647;
			files = (
				FA69A0C62A616987007638B4 /* UnderlinedButton.swift in Sources */,
				FA26D09F2A603F3700C583AC /* UIView+Extension.swift in Sources */,
				FA69A0C42A616378007638B4 /* RounedView.swift in Sources */,
				FA26D0A12A611F1300C583AC /* UIStackView+Extension.swift in Sources */,
				FA26D09B2A603E6A00C583AC /* PrimaryTextField.swift in Sources */,
				FA9C66F82A6013A300EEDB4D /* AppDelegate.swift in Sources */,
				FA69A0C82A6190E8007638B4 /* RoundedButton.swift in Sources */,
				FA26D0A52A612A1C00C583AC /* CurrencyButtonView.swift in Sources */,
				FA9C66FA2A6013A300EEDB4D /* SceneDelegate.swift in Sources */,
				FA26D0A32A6122D200C583AC /* CurrencyTextField.swift in Sources */,
				FA9C670E2A601A9600EEDB4D /* HomeViewController.swift in Sources */,
			);
			runOnlyForDeploymentPostprocessing = 0;
		};
/* End PBXSourcesBuildPhase section */

/* Begin PBXVariantGroup section */
		FA9C67022A6013A500EEDB4D /* LaunchScreen.storyboard */ = {
			isa = PBXVariantGroup;
			children = (
				FA9C67032A6013A500EEDB4D /* Base */,
			);
			name = LaunchScreen.storyboard;
			sourceTree = "<group>";
		};
/* End PBXVariantGroup section */

/* Begin XCBuildConfiguration section */
		FA9C67062A6013A500EEDB4D /* Debug */ = {
			isa = XCBuildConfiguration;
			buildSettings = {
				ALWAYS_SEARCH_USER_PATHS = NO;
				CLANG_ANALYZER_NONNULL = YES;
				CLANG_ANALYZER_NUMBER_OBJECT_CONVERSION = YES_AGGRESSIVE;
				CLANG_CXX_LANGUAGE_STANDARD = "gnu++20";
				CLANG_ENABLE_MODULES = YES;
				CLANG_ENABLE_OBJC_ARC = YES;
				CLANG_ENABLE_OBJC_WEAK = YES;
				CLANG_WARN_BLOCK_CAPTURE_AUTORELEASING = YES;
				CLANG_WARN_BOOL_CONVERSION = YES;
				CLANG_WARN_COMMA = YES;
				CLANG_WARN_CONSTANT_CONVERSION = YES;
				CLANG_WARN_DEPRECATED_OBJC_IMPLEMENTATIONS = YES;
				CLANG_WARN_DIRECT_OBJC_ISA_USAGE = YES_ERROR;
				CLANG_WARN_DOCUMENTATION_COMMENTS = YES;
				CLANG_WARN_EMPTY_BODY = YES;
				CLANG_WARN_ENUM_CONVERSION = YES;
				CLANG_WARN_INFINITE_RECURSION = YES;
				CLANG_WARN_INT_CONVERSION = YES;
				CLANG_WARN_NON_LITERAL_NULL_CONVERSION = YES;
				CLANG_WARN_OBJC_IMPLICIT_RETAIN_SELF = YES;
				CLANG_WARN_OBJC_LITERAL_CONVERSION = YES;
				CLANG_WARN_OBJC_ROOT_CLASS = YES_ERROR;
				CLANG_WARN_QUOTED_INCLUDE_IN_FRAMEWORK_HEADER = YES;
				CLANG_WARN_RANGE_LOOP_ANALYSIS = YES;
				CLANG_WARN_STRICT_PROTOTYPES = YES;
				CLANG_WARN_SUSPICIOUS_MOVE = YES;
				CLANG_WARN_UNGUARDED_AVAILABILITY = YES_AGGRESSIVE;
				CLANG_WARN_UNREACHABLE_CODE = YES;
				CLANG_WARN__DUPLICATE_METHOD_MATCH = YES;
				COPY_PHASE_STRIP = NO;
				DEBUG_INFORMATION_FORMAT = dwarf;
				ENABLE_STRICT_OBJC_MSGSEND = YES;
				ENABLE_TESTABILITY = YES;
				GCC_C_LANGUAGE_STANDARD = gnu11;
				GCC_DYNAMIC_NO_PIC = NO;
				GCC_NO_COMMON_BLOCKS = YES;
				GCC_OPTIMIZATION_LEVEL = 0;
				GCC_PREPROCESSOR_DEFINITIONS = (
					"DEBUG=1",
					"$(inherited)",
				);
				GCC_WARN_64_TO_32_BIT_CONVERSION = YES;
				GCC_WARN_ABOUT_RETURN_TYPE = YES_ERROR;
				GCC_WARN_UNDECLARED_SELECTOR = YES;
				GCC_WARN_UNINITIALIZED_AUTOS = YES_AGGRESSIVE;
				GCC_WARN_UNUSED_FUNCTION = YES;
				GCC_WARN_UNUSED_VARIABLE = YES;
				IPHONEOS_DEPLOYMENT_TARGET = 16.1;
				MTL_ENABLE_DEBUG_INFO = INCLUDE_SOURCE;
				MTL_FAST_MATH = YES;
				ONLY_ACTIVE_ARCH = YES;
				SDKROOT = iphoneos;
				SWIFT_ACTIVE_COMPILATION_CONDITIONS = DEBUG;
				SWIFT_OPTIMIZATION_LEVEL = "-Onone";
			};
			name = Debug;
		};
		FA9C67072A6013A500EEDB4D /* Release */ = {
			isa = XCBuildConfiguration;
			buildSettings = {
				ALWAYS_SEARCH_USER_PATHS = NO;
				CLANG_ANALYZER_NONNULL = YES;
				CLANG_ANALYZER_NUMBER_OBJECT_CONVERSION = YES_AGGRESSIVE;
				CLANG_CXX_LANGUAGE_STANDARD = "gnu++20";
				CLANG_ENABLE_MODULES = YES;
				CLANG_ENABLE_OBJC_ARC = YES;
				CLANG_ENABLE_OBJC_WEAK = YES;
				CLANG_WARN_BLOCK_CAPTURE_AUTORELEASING = YES;
				CLANG_WARN_BOOL_CONVERSION = YES;
				CLANG_WARN_COMMA = YES;
				CLANG_WARN_CONSTANT_CONVERSION = YES;
				CLANG_WARN_DEPRECATED_OBJC_IMPLEMENTATIONS = YES;
				CLANG_WARN_DIRECT_OBJC_ISA_USAGE = YES_ERROR;
				CLANG_WARN_DOCUMENTATION_COMMENTS = YES;
				CLANG_WARN_EMPTY_BODY = YES;
				CLANG_WARN_ENUM_CONVERSION = YES;
				CLANG_WARN_INFINITE_RECURSION = YES;
				CLANG_WARN_INT_CONVERSION = YES;
				CLANG_WARN_NON_LITERAL_NULL_CONVERSION = YES;
				CLANG_WARN_OBJC_IMPLICIT_RETAIN_SELF = YES;
				CLANG_WARN_OBJC_LITERAL_CONVERSION = YES;
				CLANG_WARN_OBJC_ROOT_CLASS = YES_ERROR;
				CLANG_WARN_QUOTED_INCLUDE_IN_FRAMEWORK_HEADER = YES;
				CLANG_WARN_RANGE_LOOP_ANALYSIS = YES;
				CLANG_WARN_STRICT_PROTOTYPES = YES;
				CLANG_WARN_SUSPICIOUS_MOVE = YES;
				CLANG_WARN_UNGUARDED_AVAILABILITY = YES_AGGRESSIVE;
				CLANG_WARN_UNREACHABLE_CODE = YES;
				CLANG_WARN__DUPLICATE_METHOD_MATCH = YES;
				COPY_PHASE_STRIP = NO;
				DEBUG_INFORMATION_FORMAT = "dwarf-with-dsym";
				ENABLE_NS_ASSERTIONS = NO;
				ENABLE_STRICT_OBJC_MSGSEND = YES;
				GCC_C_LANGUAGE_STANDARD = gnu11;
				GCC_NO_COMMON_BLOCKS = YES;
				GCC_WARN_64_TO_32_BIT_CONVERSION = YES;
				GCC_WARN_ABOUT_RETURN_TYPE = YES_ERROR;
				GCC_WARN_UNDECLARED_SELECTOR = YES;
				GCC_WARN_UNINITIALIZED_AUTOS = YES_AGGRESSIVE;
				GCC_WARN_UNUSED_FUNCTION = YES;
				GCC_WARN_UNUSED_VARIABLE = YES;
				IPHONEOS_DEPLOYMENT_TARGET = 16.1;
				MTL_ENABLE_DEBUG_INFO = NO;
				MTL_FAST_MATH = YES;
				SDKROOT = iphoneos;
				SWIFT_COMPILATION_MODE = wholemodule;
				SWIFT_OPTIMIZATION_LEVEL = "-O";
				VALIDATE_PRODUCT = YES;
			};
			name = Release;
		};
		FA9C67092A6013A500EEDB4D /* Debug */ = {
			isa = XCBuildConfiguration;
			buildSettings = {
				ASSETCATALOG_COMPILER_APPICON_NAME = AppIcon;
				ASSETCATALOG_COMPILER_GLOBAL_ACCENT_COLOR_NAME = AccentColor;
				CODE_SIGN_STYLE = Automatic;
				CURRENT_PROJECT_VERSION = 1;
				DEVELOPMENT_TEAM = ZB7W8B73A3;
				GENERATE_INFOPLIST_FILE = YES;
				INFOPLIST_FILE = Calculator/Info.plist;
				INFOPLIST_KEY_UIApplicationSupportsIndirectInputEvents = YES;
				INFOPLIST_KEY_UILaunchStoryboardName = LaunchScreen;
				INFOPLIST_KEY_UISupportedInterfaceOrientations_iPad = "UIInterfaceOrientationPortrait UIInterfaceOrientationPortraitUpsideDown UIInterfaceOrientationLandscapeLeft UIInterfaceOrientationLandscapeRight";
				INFOPLIST_KEY_UISupportedInterfaceOrientations_iPhone = "UIInterfaceOrientationPortrait UIInterfaceOrientationLandscapeLeft UIInterfaceOrientationLandscapeRight";
				LD_RUNPATH_SEARCH_PATHS = (
					"$(inherited)",
					"@executable_path/Frameworks",
				);
				MARKETING_VERSION = 1.0;
				PRODUCT_BUNDLE_IDENTIFIER = com.tomcodes.Calculator;
				PRODUCT_NAME = "$(TARGET_NAME)";
				SWIFT_EMIT_LOC_STRINGS = YES;
				SWIFT_VERSION = 5.0;
				TARGETED_DEVICE_FAMILY = "1,2";
			};
			name = Debug;
		};
		FA9C670A2A6013A500EEDB4D /* Release */ = {
			isa = XCBuildConfiguration;
			buildSettings = {
				ASSETCATALOG_COMPILER_APPICON_NAME = AppIcon;
				ASSETCATALOG_COMPILER_GLOBAL_ACCENT_COLOR_NAME = AccentColor;
				CODE_SIGN_STYLE = Automatic;
				CURRENT_PROJECT_VERSION = 1;
				DEVELOPMENT_TEAM = ZB7W8B73A3;
				GENERATE_INFOPLIST_FILE = YES;
				INFOPLIST_FILE = Calculator/Info.plist;
				INFOPLIST_KEY_UIApplicationSupportsIndirectInputEvents = YES;
				INFOPLIST_KEY_UILaunchStoryboardName = LaunchScreen;
				INFOPLIST_KEY_UISupportedInterfaceOrientations_iPad = "UIInterfaceOrientationPortrait UIInterfaceOrientationPortraitUpsideDown UIInterfaceOrientationLandscapeLeft UIInterfaceOrientationLandscapeRight";
				INFOPLIST_KEY_UISupportedInterfaceOrientations_iPhone = "UIInterfaceOrientationPortrait UIInterfaceOrientationLandscapeLeft UIInterfaceOrientationLandscapeRight";
				LD_RUNPATH_SEARCH_PATHS = (
					"$(inherited)",
					"@executable_path/Frameworks",
				);
				MARKETING_VERSION = 1.0;
				PRODUCT_BUNDLE_IDENTIFIER = com.tomcodes.Calculator;
				PRODUCT_NAME = "$(TARGET_NAME)";
				SWIFT_EMIT_LOC_STRINGS = YES;
				SWIFT_VERSION = 5.0;
				TARGETED_DEVICE_FAMILY = "1,2";
			};
			name = Release;
		};
/* End XCBuildConfiguration section */

/* Begin XCConfigurationList section */
		FA9C66EF2A6013A300EEDB4D /* Build configuration list for PBXProject "Calculator" */ = {
			isa = XCConfigurationList;
			buildConfigurations = (
				FA9C67062A6013A500EEDB4D /* Debug */,
				FA9C67072A6013A500EEDB4D /* Release */,
			);
			defaultConfigurationIsVisible = 0;
			defaultConfigurationName = Release;
		};
		FA9C67082A6013A500EEDB4D /* Build configuration list for PBXNativeTarget "Calculator" */ = {
			isa = XCConfigurationList;
			buildConfigurations = (
				FA9C67092A6013A500EEDB4D /* Debug */,
				FA9C670A2A6013A500EEDB4D /* Release */,
			);
			defaultConfigurationIsVisible = 0;
			defaultConfigurationName = Release;
		};
/* End XCConfigurationList section */

/* Begin XCRemoteSwiftPackageReference section */
		FAFAFDE22A652F9F005AB094 /* XCRemoteSwiftPackageReference "realm-swift" */ = {
			isa = XCRemoteSwiftPackageReference;
			repositoryURL = "https://github.com/realm/realm-swift.git";
			requirement = {
				kind = upToNextMajorVersion;
				minimumVersion = 10.41.0;
			};
		};
		FAFAFDE72A65300D005AB094 /* XCRemoteSwiftPackageReference "Alamofire" */ = {
			isa = XCRemoteSwiftPackageReference;
			repositoryURL = "https://github.com/Alamofire/Alamofire.git";
			requirement = {
				kind = upToNextMajorVersion;
				minimumVersion = 5.0.0;
			};
		};
		FAFAFDEA2A653077005AB094 /* XCRemoteSwiftPackageReference "SwiftyJSON" */ = {
			isa = XCRemoteSwiftPackageReference;
			repositoryURL = "https://github.com/SwiftyJSON/SwiftyJSON.git";
			requirement = {
				kind = upToNextMajorVersion;
				minimumVersion = 5.0.0;
			};
		};
/* End XCRemoteSwiftPackageReference section */

/* Begin XCSwiftPackageProductDependency section */
		FAFAFDE32A652F9F005AB094 /* Realm */ = {
			isa = XCSwiftPackageProductDependency;
			package = FAFAFDE22A652F9F005AB094 /* XCRemoteSwiftPackageReference "realm-swift" */;
			productName = Realm;
		};
		FAFAFDE52A652F9F005AB094 /* RealmSwift */ = {
			isa = XCSwiftPackageProductDependency;
			package = FAFAFDE22A652F9F005AB094 /* XCRemoteSwiftPackageReference "realm-swift" */;
			productName = RealmSwift;
		};
		FAFAFDE82A65300D005AB094 /* Alamofire */ = {
			isa = XCSwiftPackageProductDependency;
			package = FAFAFDE72A65300D005AB094 /* XCRemoteSwiftPackageReference "Alamofire" */;
			productName = Alamofire;
		};
		FAFAFDEB2A653077005AB094 /* SwiftyJSON */ = {
			isa = XCSwiftPackageProductDependency;
			package = FAFAFDEA2A653077005AB094 /* XCRemoteSwiftPackageReference "SwiftyJSON" */;
			productName = SwiftyJSON;
		};
/* End XCSwiftPackageProductDependency section */
	};
	rootObject = FA9C66EC2A6013A300EEDB4D /* Project object */;
}
